{
  "name": "morph-full-unified",
  "version": "1.0.0",
  "lockfileVersion": 3,
  "requires": true,
  "packages": {
    "": {
      "name": "morph-full-unified",
      "version": "1.0.0",
      "license": "UNLICENSED",
      "engines": {
        "node": ">=18"
      },
      "bin": {
        "morph": "./morph-cli.js"
      }
    }
  }
}
